
Microsoft Visual Studio Solution File, Format Version 12.00
# Visual Studio Version 16
VisualStudioVersion = 16.0.34031.81
MinimumVisualStudioVersion = 10.0.40219.1
Project("{FAE04EC0-301F-11D3-BF4B-00C04F79EFBC}") = "cau_01", "cau_01\cau_01.csproj", "{A28CD4BC-BFBB-422B-9F34-11971F70DE74}"
EndProject
Project("{FAE04EC0-301F-11D3-BF4B-00C04F79EFBC}") = "cau_2", "cau_2\cau_2.csproj", "{F969D0FA-A42E-4C1C-BB3E-12AC965ED9C1}"
EndProject
Global
	GlobalSection(SolutionConfigurationPlatforms) = preSolution
		Debug|Any CPU = Debug|Any CPU
		Release|Any CPU = Release|Any CPU
	EndGlobalSection
	GlobalSection(ProjectConfigurationPlatforms) = postSolution
		{A28CD4BC-BFBB-422B-9F34-11971F70DE74}.Debug|Any CPU.ActiveCfg = Debug|Any CPU
		{A28CD4BC-BFBB-422B-9F34-11971F70DE74}.Debug|Any CPU.Build.0 = Debug|Any CPU
		{A28CD4BC-BFBB-422B-9F34-11971F70DE74}.Release|Any CPU.ActiveCfg = Release|Any CPU
		{A28CD4BC-BFBB-422B-9F34-11971F70DE74}.Release|Any CPU.Build.0 = Release|Any CPU
		{F969D0FA-A42E-4C1C-BB3E-12AC965ED9C1}.Debug|Any CPU.ActiveCfg = Debug|Any CPU
		{F969D0FA-A42E-4C1C-BB3E-12AC965ED9C1}.Debug|Any CPU.Build.0 = Debug|Any CPU
		{F969D0FA-A42E-4C1C-BB3E-12AC965ED9C1}.Release|Any CPU.ActiveCfg = Release|Any CPU
		{F969D0FA-A42E-4C1C-BB3E-12AC965ED9C1}.Release|Any CPU.Build.0 = Release|Any CPU
	EndGlobalSection
	GlobalSection(SolutionProperties) = preSolution
		HideSolutionNode = FALSE
	EndGlobalSection
	GlobalSection(ExtensibilityGlobals) = postSolution
		SolutionGuid = {A7ED71EF-191A-4DB2-910B-2EEF3AA9E76F}
	EndGlobalSection
EndGlobal
